
Microsoft Visual Studio Solution File, Format Version 12.00
# Visual Studio Version 17
VisualStudioVersion = 17.6.33815.320
MinimumVisualStudioVersion = 10.0.40219.1
Project("{9A19103F-16F7-4668-BE54-9A1E7A4F7556}") = "FlightBite.MVC", "FlightBite.MVC\FlightBite.MVC.csproj", "{DC343C7D-C668-4809-90FF-EFC908256561}"
EndProject
Project("{9A19103F-16F7-4668-BE54-9A1E7A4F7556}") = "FlightBite.Data", "FlightBite.Data\FlightBite.Data.csproj", "{6F8F645B-E0A9-4E06-AFAD-BD4CE216A89C}"
EndProject
Global
	GlobalSection(SolutionConfigurationPlatforms) = preSolution
		Debug|Any CPU = Debug|Any CPU
		Release|Any CPU = Release|Any CPU
	EndGlobalSection
	GlobalSection(ProjectConfigurationPlatforms) = postSolution
		{DC343C7D-C668-4809-90FF-EFC908256561}.Debug|Any CPU.ActiveCfg = Debug|Any CPU
		{DC343C7D-C668-4809-90FF-EFC908256561}.Debug|Any CPU.Build.0 = Debug|Any CPU
		{DC343C7D-C668-4809-90FF-EFC908256561}.Release|Any CPU.ActiveCfg = Release|Any CPU
		{DC343C7D-C668-4809-90FF-EFC908256561}.Release|Any CPU.Build.0 = Release|Any CPU
		{6F8F645B-E0A9-4E06-AFAD-BD4CE216A89C}.Debug|Any CPU.ActiveCfg = Debug|Any CPU
		{6F8F645B-E0A9-4E06-AFAD-BD4CE216A89C}.Debug|Any CPU.Build.0 = Debug|Any CPU
		{6F8F645B-E0A9-4E06-AFAD-BD4CE216A89C}.Release|Any CPU.ActiveCfg = Release|Any CPU
		{6F8F645B-E0A9-4E06-AFAD-BD4CE216A89C}.Release|Any CPU.Build.0 = Release|Any CPU
	EndGlobalSection
	GlobalSection(SolutionProperties) = preSolution
		HideSolutionNode = FALSE
	EndGlobalSection
	GlobalSection(ExtensibilityGlobals) = postSolution
		SolutionGuid = {3184A7DE-4020-4674-8024-666961664DC4}
	EndGlobalSection
EndGlobal
